
Microsoft Visual Studio Solution File, Format Version 12.00
# Visual Studio 15
VisualStudioVersion = 15.0.26730.16
MinimumVisualStudioVersion = 10.0.40219.1
Project("{FAE04EC0-301F-11D3-BF4B-00C04F79EFBC}") = "ListView_XamarinForms.Droid", "ListView XamarinForms\ListView_XamarinForms.Droid\ListView_XamarinForms.Droid.csproj", "{66D96254-2993-4523-A708-363D519B9CB6}"
EndProject
Project("{FAE04EC0-301F-11D3-BF4B-00C04F79EFBC}") = "ListView_XamarinForms.UWP", "ListView XamarinForms\ListView_XamarinForms.UWP\ListView_XamarinForms.UWP.csproj", "{376B6D70-C862-456A-B2A8-7C73A1367A18}"
EndProject
Project("{FAE04EC0-301F-11D3-BF4B-00C04F79EFBC}") = "ListView_XamarinForms", "ListView XamarinForms\ListView_XamarinForms\ListView_XamarinForms.csproj", "{473EB1AD-6717-4334-9DCD-136E3710D701}"
EndProject
Global
	GlobalSection(SolutionConfigurationPlatforms) = preSolution
		Ad-Hoc|Any CPU = Ad-Hoc|Any CPU
		Ad-Hoc|ARM = Ad-Hoc|ARM
		Ad-Hoc|iPhone = Ad-Hoc|iPhone
		Ad-Hoc|iPhoneSimulator = Ad-Hoc|iPhoneSimulator
		Ad-Hoc|x64 = Ad-Hoc|x64
		Ad-Hoc|x86 = Ad-Hoc|x86
		AppStore|Any CPU = AppStore|Any CPU
		AppStore|ARM = AppStore|ARM
		AppStore|iPhone = AppStore|iPhone
		AppStore|iPhoneSimulator = AppStore|iPhoneSimulator
		AppStore|x64 = AppStore|x64
		AppStore|x86 = AppStore|x86
		Debug|Any CPU = Debug|Any CPU
		Debug|ARM = Debug|ARM
		Debug|iPhone = Debug|iPhone
		Debug|iPhoneSimulator = Debug|iPhoneSimulator
		Debug|x64 = Debug|x64
		Debug|x86 = Debug|x86
		Release|Any CPU = Release|Any CPU
		Release|ARM = Release|ARM
		Release|iPhone = Release|iPhone
		Release|iPhoneSimulator = Release|iPhoneSimulator
		Release|x64 = Release|x64
		Release|x86 = Release|x86
	EndGlobalSection
	GlobalSection(ProjectConfigurationPlatforms) = postSolution
		{66D96254-2993-4523-A708-363D519B9CB6}.Ad-Hoc|Any CPU.ActiveCfg = Release|Any CPU
		{66D96254-2993-4523-A708-363D519B9CB6}.Ad-Hoc|Any CPU.Build.0 = Release|Any CPU
		{66D96254-2993-4523-A708-363D519B9CB6}.Ad-Hoc|Any CPU.Deploy.0 = Release|Any CPU
		{66D96254-2993-4523-A708-363D519B9CB6}.Ad-Hoc|ARM.ActiveCfg = Release|Any CPU
		{66D96254-2993-4523-A708-363D519B9CB6}.Ad-Hoc|ARM.Build.0 = Release|Any CPU
		{66D96254-2993-4523-A708-363D519B9CB6}.Ad-Hoc|ARM.Deploy.0 = Release|Any CPU
		{66D96254-2993-4523-A708-363D519B9CB6}.Ad-Hoc|iPhone.ActiveCfg = Release|Any CPU
		{66D96254-2993-4523-A708-363D519B9CB6}.Ad-Hoc|iPhone.Build.0 = Release|Any CPU
		{66D96254-2993-4523-A708-363D519B9CB6}.Ad-Hoc|iPhone.Deploy.0 = Release|Any CPU
		{66D96254-2993-4523-A708-363D519B9CB6}.Ad-Hoc|iPhoneSimulator.ActiveCfg = Release|Any CPU
		{66D96254-2993-4523-A708-363D519B9CB6}.Ad-Hoc|iPhoneSimulator.Build.0 = Release|Any CPU
		{66D96254-2993-4523-A708-363D519B9CB6}.Ad-Hoc|iPhoneSimulator.Deploy.0 = Release|Any CPU
		{66D96254-2993-4523-A708-363D519B9CB6}.Ad-Hoc|x64.ActiveCfg = Release|Any CPU
		{66D96254-2993-4523-A708-363D519B9CB6}.Ad-Hoc|x64.Build.0 = Release|Any CPU
		{66D96254-2993-4523-A708-363D519B9CB6}.Ad-Hoc|x64.Deploy.0 = Release|Any CPU
		{66D96254-2993-4523-A708-363D519B9CB6}.Ad-Hoc|x86.ActiveCfg = Release|Any CPU
		{66D96254-2993-4523-A708-363D519B9CB6}.Ad-Hoc|x86.Build.0 = Release|Any CPU
		{66D96254-2993-4523-A708-363D519B9CB6}.Ad-Hoc|x86.Deploy.0 = Release|Any CPU
		{66D96254-2993-4523-A708-363D519B9CB6}.AppStore|Any CPU.ActiveCfg = Release|Any CPU
		{66D96254-2993-4523-A708-363D519B9CB6}.AppStore|Any CPU.Build.0 = Release|Any CPU
		{66D96254-2993-4523-A708-363D519B9CB6}.AppStore|Any CPU.Deploy.0 = Release|Any CPU
		{66D96254-2993-4523-A708-363D519B9CB6}.AppStore|ARM.ActiveCfg = Release|Any CPU
		{66D96254-2993-4523-A708-363D519B9CB6}.AppStore|ARM.Build.0 = Release|Any CPU
		{66D96254-2993-4523-A708-363D519B9CB6}.AppStore|ARM.Deploy.0 = Release|Any CPU
		{66D96254-2993-4523-A708-363D519B9CB6}.AppStore|iPhone.ActiveCfg = Release|Any CPU
		{66D96254-2993-4523-A708-363D519B9CB6}.AppStore|iPhone.Build.0 = Release|Any CPU
		{66D96254-2993-4523-A708-363D519B9CB6}.AppStore|iPhone.Deploy.0 = Release|Any CPU
		{66D96254-2993-4523-A708-363D519B9CB6}.AppStore|iPhoneSimulator.ActiveCfg = Release|Any CPU
		{66D96254-2993-4523-A708-363D519B9CB6}.AppStore|iPhoneSimulator.Build.0 = Release|Any CPU
		{66D96254-2993-4523-A708-363D519B9CB6}.AppStore|iPhoneSimulator.Deploy.0 = Release|Any CPU
		{66D96254-2993-4523-A708-363D519B9CB6}.AppStore|x64.ActiveCfg = Release|Any CPU
		{66D96254-2993-4523-A708-363D519B9CB6}.AppStore|x64.Build.0 = Release|Any CPU
		{66D96254-2993-4523-A708-363D519B9CB6}.AppStore|x64.Deploy.0 = Release|Any CPU
		{66D96254-2993-4523-A708-363D519B9CB6}.AppStore|x86.ActiveCfg = Release|Any CPU
		{66D96254-2993-4523-A708-363D519B9CB6}.AppStore|x86.Build.0 = Release|Any CPU
		{66D96254-2993-4523-A708-363D519B9CB6}.AppStore|x86.Deploy.0 = Release|Any CPU
		{66D96254-2993-4523-A708-363D519B9CB6}.Debug|Any CPU.ActiveCfg = Debug|Any CPU
		{66D96254-2993-4523-A708-363D519B9CB6}.Debug|Any CPU.Build.0 = Debug|Any CPU
		{66D96254-2993-4523-A708-363D519B9CB6}.Debug|Any CPU.Deploy.0 = Debug|Any CPU
		{66D96254-2993-4523-A708-363D519B9CB6}.Debug|ARM.ActiveCfg = Debug|Any CPU
		{66D96254-2993-4523-A708-363D519B9CB6}.Debug|ARM.Build.0 = Debug|Any CPU
		{66D96254-2993-4523-A708-363D519B9CB6}.Debug|ARM.Deploy.0 = Debug|Any CPU
		{66D96254-2993-4523-A708-363D519B9CB6}.Debug|iPhone.ActiveCfg = Debug|Any CPU
		{66D96254-2993-4523-A708-363D519B9CB6}.Debug|iPhone.Build.0 = Debug|Any CPU
		{66D96254-2993-4523-A708-363D519B9CB6}.Debug|iPhone.Deploy.0 = Debug|Any CPU
		{66D96254-2993-4523-A708-363D519B9CB6}.Debug|iPhoneSimulator.ActiveCfg = Debug|Any CPU
		{66D96254-2993-4523-A708-363D519B9CB6}.Debug|iPhoneSimulator.Build.0 = Debug|Any CPU
		{66D96254-2993-4523-A708-363D519B9CB6}.Debug|iPhoneSimulator.Deploy.0 = Debug|Any CPU
		{66D96254-2993-4523-A708-363D519B9CB6}.Debug|x64.ActiveCfg = Debug|Any CPU
		{66D96254-2993-4523-A708-363D519B9CB6}.Debug|x64.Build.0 = Debug|Any CPU
		{66D96254-2993-4523-A708-363D519B9CB6}.Debug|x64.Deploy.0 = Debug|Any CPU
		{66D96254-2993-4523-A708-363D519B9CB6}.Debug|x86.ActiveCfg = Debug|Any CPU
		{66D96254-2993-4523-A708-363D519B9CB6}.Debug|x86.Build.0 = Debug|Any CPU
		{66D96254-2993-4523-A708-363D519B9CB6}.Debug|x86.Deploy.0 = Debug|Any CPU
		{66D96254-2993-4523-A708-363D519B9CB6}.Release|Any CPU.ActiveCfg = Release|Any CPU
		{66D96254-2993-4523-A708-363D519B9CB6}.Release|Any CPU.Build.0 = Release|Any CPU
		{66D96254-2993-4523-A708-363D519B9CB6}.Release|Any CPU.Deploy.0 = Release|Any CPU
		{66D96254-2993-4523-A708-363D519B9CB6}.Release|ARM.ActiveCfg = Release|Any CPU
		{66D96254-2993-4523-A708-363D519B9CB6}.Release|ARM.Build.0 = Release|Any CPU
		{66D96254-2993-4523-A708-363D519B9CB6}.Release|ARM.Deploy.0 = Release|Any CPU
		{66D96254-2993-4523-A708-363D519B9CB6}.Release|iPhone.ActiveCfg = Release|Any CPU
		{66D96254-2993-4523-A708-363D519B9CB6}.Release|iPhone.Build.0 = Release|Any CPU
		{66D96254-2993-4523-A708-363D519B9CB6}.Release|iPhone.Deploy.0 = Release|Any CPU
		{66D96254-2993-4523-A708-363D519B9CB6}.Release|iPhoneSimulator.ActiveCfg = Release|Any CPU
		{66D96254-2993-4523-A708-363D519B9CB6}.Release|iPhoneSimulator.Build.0 = Release|Any CPU
		{66D96254-2993-4523-A708-363D519B9CB6}.Release|iPhoneSimulator.Deploy.0 = Release|Any CPU
		{66D96254-2993-4523-A708-363D519B9CB6}.Release|x64.ActiveCfg = Release|Any CPU
		{66D96254-2993-4523-A708-363D519B9CB6}.Release|x64.Build.0 = Release|Any CPU
		{66D96254-2993-4523-A708-363D519B9CB6}.Release|x64.Deploy.0 = Release|Any CPU
		{66D96254-2993-4523-A708-363D519B9CB6}.Release|x86.ActiveCfg = Release|Any CPU
		{66D96254-2993-4523-A708-363D519B9CB6}.Release|x86.Build.0 = Release|Any CPU
		{66D96254-2993-4523-A708-363D519B9CB6}.Release|x86.Deploy.0 = Release|Any CPU
		{376B6D70-C862-456A-B2A8-7C73A1367A18}.Ad-Hoc|Any CPU.ActiveCfg = Release|x86
		{376B6D70-C862-456A-B2A8-7C73A1367A18}.Ad-Hoc|Any CPU.Build.0 = Release|x86
		{376B6D70-C862-456A-B2A8-7C73A1367A18}.Ad-Hoc|Any CPU.Deploy.0 = Release|x86
		{376B6D70-C862-456A-B2A8-7C73A1367A18}.Ad-Hoc|ARM.ActiveCfg = Release|ARM
		{376B6D70-C862-456A-B2A8-7C73A1367A18}.Ad-Hoc|ARM.Build.0 = Release|ARM
		{376B6D70-C862-456A-B2A8-7C73A1367A18}.Ad-Hoc|ARM.Deploy.0 = Release|ARM
		{376B6D70-C862-456A-B2A8-7C73A1367A18}.Ad-Hoc|iPhone.ActiveCfg = Release|x86
		{376B6D70-C862-456A-B2A8-7C73A1367A18}.Ad-Hoc|iPhone.Build.0 = Release|x86
		{376B6D70-C862-456A-B2A8-7C73A1367A18}.Ad-Hoc|iPhone.Deploy.0 = Release|x86
		{376B6D70-C862-456A-B2A8-7C73A1367A18}.Ad-Hoc|iPhoneSimulator.ActiveCfg = Release|x86
		{376B6D70-C862-456A-B2A8-7C73A1367A18}.Ad-Hoc|iPhoneSimulator.Build.0 = Release|x86
		{376B6D70-C862-456A-B2A8-7C73A1367A18}.Ad-Hoc|iPhoneSimulator.Deploy.0 = Release|x86
		{376B6D70-C862-456A-B2A8-7C73A1367A18}.Ad-Hoc|x64.ActiveCfg = Release|x64
		{376B6D70-C862-456A-B2A8-7C73A1367A18}.Ad-Hoc|x64.Build.0 = Release|x64
		{376B6D70-C862-456A-B2A8-7C73A1367A18}.Ad-Hoc|x64.Deploy.0 = Release|x64
		{376B6D70-C862-456A-B2A8-7C73A1367A18}.Ad-Hoc|x86.ActiveCfg = Release|x86
		{376B6D70-C862-456A-B2A8-7C73A1367A18}.Ad-Hoc|x86.Build.0 = Release|x86
		{376B6D70-C862-456A-B2A8-7C73A1367A18}.Ad-Hoc|x86.Deploy.0 = Release|x86
		{376B6D70-C862-456A-B2A8-7C73A1367A18}.AppStore|Any CPU.ActiveCfg = Release|x86
		{376B6D70-C862-456A-B2A8-7C73A1367A18}.AppStore|Any CPU.Build.0 = Release|x86
		{376B6D70-C862-456A-B2A8-7C73A1367A18}.AppStore|Any CPU.Deploy.0 = Release|x86
		{376B6D70-C862-456A-B2A8-7C73A1367A18}.AppStore|ARM.ActiveCfg = Release|ARM
		{376B6D70-C862-456A-B2A8-7C73A1367A18}.AppStore|ARM.Build.0 = Release|ARM
		{376B6D70-C862-456A-B2A8-7C73A1367A18}.AppStore|ARM.Deploy.0 = Release|ARM
		{376B6D70-C862-456A-B2A8-7C73A1367A18}.AppStore|iPhone.ActiveCfg = Release|x86
		{376B6D70-C862-456A-B2A8-7C73A1367A18}.AppStore|iPhone.Build.0 = Release|x86
		{376B6D70-C862-456A-B2A8-7C73A1367A18}.AppStore|iPhone.Deploy.0 = Release|x86
		{376B6D70-C862-456A-B2A8-7C73A1367A18}.AppStore|iPhoneSimulator.ActiveCfg = Release|x86
		{376B6D70-C862-456A-B2A8-7C73A1367A18}.AppStore|iPhoneSimulator.Build.0 = Release|x86
		{376B6D70-C862-456A-B2A8-7C73A1367A18}.AppStore|iPhoneSimulator.Deploy.0 = Release|x86
		{376B6D70-C862-456A-B2A8-7C73A1367A18}.AppStore|x64.ActiveCfg = Release|x64
		{376B6D70-C862-456A-B2A8-7C73A1367A18}.AppStore|x64.Build.0 = Release|x64
		{376B6D70-C862-456A-B2A8-7C73A1367A18}.AppStore|x64.Deploy.0 = Release|x64
		{376B6D70-C862-456A-B2A8-7C73A1367A18}.AppStore|x86.ActiveCfg = Release|x86
		{376B6D70-C862-456A-B2A8-7C73A1367A18}.AppStore|x86.Build.0 = Release|x86
		{376B6D70-C862-456A-B2A8-7C73A1367A18}.AppStore|x86.Deploy.0 = Release|x86
		{376B6D70-C862-456A-B2A8-7C73A1367A18}.Debug|Any CPU.ActiveCfg = Debug|x86
		{376B6D70-C862-456A-B2A8-7C73A1367A18}.Debug|ARM.ActiveCfg = Debug|ARM
		{376B6D70-C862-456A-B2A8-7C73A1367A18}.Debug|ARM.Build.0 = Debug|ARM
		{376B6D70-C862-456A-B2A8-7C73A1367A18}.Debug|ARM.Deploy.0 = Debug|ARM
		{376B6D70-C862-456A-B2A8-7C73A1367A18}.Debug|iPhone.ActiveCfg = Debug|x86
		{376B6D70-C862-456A-B2A8-7C73A1367A18}.Debug|iPhone.Build.0 = Debug|x86
		{376B6D70-C862-456A-B2A8-7C73A1367A18}.Debug|iPhone.Deploy.0 = Debug|x86
		{376B6D70-C862-456A-B2A8-7C73A1367A18}.Debug|iPhoneSimulator.ActiveCfg = Debug|x86
		{376B6D70-C862-456A-B2A8-7C73A1367A18}.Debug|x64.ActiveCfg = Debug|x64
		{376B6D70-C862-456A-B2A8-7C73A1367A18}.Debug|x64.Build.0 = Debug|x64
		{376B6D70-C862-456A-B2A8-7C73A1367A18}.Debug|x64.Deploy.0 = Debug|x64
		{376B6D70-C862-456A-B2A8-7C73A1367A18}.Debug|x86.ActiveCfg = Debug|x86
		{376B6D70-C862-456A-B2A8-7C73A1367A18}.Debug|x86.Build.0 = Debug|x86
		{376B6D70-C862-456A-B2A8-7C73A1367A18}.Debug|x86.Deploy.0 = Debug|x86
		{376B6D70-C862-456A-B2A8-7C73A1367A18}.Release|Any CPU.ActiveCfg = Release|x86
		{376B6D70-C862-456A-B2A8-7C73A1367A18}.Release|ARM.ActiveCfg = Release|ARM
		{376B6D70-C862-456A-B2A8-7C73A1367A18}.Release|ARM.Build.0 = Release|ARM
		{376B6D70-C862-456A-B2A8-7C73A1367A18}.Release|ARM.Deploy.0 = Release|ARM
		{376B6D70-C862-456A-B2A8-7C73A1367A18}.Release|iPhone.ActiveCfg = Release|x86
		{376B6D70-C862-456A-B2A8-7C73A1367A18}.Release|iPhoneSimulator.ActiveCfg = Release|x86
		{376B6D70-C862-456A-B2A8-7C73A1367A18}.Release|x64.ActiveCfg = Release|x64
		{376B6D70-C862-456A-B2A8-7C73A1367A18}.Release|x64.Build.0 = Release|x64
		{376B6D70-C862-456A-B2A8-7C73A1367A18}.Release|x64.Deploy.0 = Release|x64
		{376B6D70-C862-456A-B2A8-7C73A1367A18}.Release|x86.ActiveCfg = Release|x86
		{376B6D70-C862-456A-B2A8-7C73A1367A18}.Release|x86.Build.0 = Release|x86
		{376B6D70-C862-456A-B2A8-7C73A1367A18}.Release|x86.Deploy.0 = Release|x86
		{473EB1AD-6717-4334-9DCD-136E3710D701}.Ad-Hoc|Any CPU.ActiveCfg = Release|Any CPU
		{473EB1AD-6717-4334-9DCD-136E3710D701}.Ad-Hoc|Any CPU.Build.0 = Release|Any CPU
		{473EB1AD-6717-4334-9DCD-136E3710D701}.Ad-Hoc|ARM.ActiveCfg = Release|Any CPU
		{473EB1AD-6717-4334-9DCD-136E3710D701}.Ad-Hoc|ARM.Build.0 = Release|Any CPU
		{473EB1AD-6717-4334-9DCD-136E3710D701}.Ad-Hoc|iPhone.ActiveCfg = Release|Any CPU
		{473EB1AD-6717-4334-9DCD-136E3710D701}.Ad-Hoc|iPhone.Build.0 = Release|Any CPU
		{473EB1AD-6717-4334-9DCD-136E3710D701}.Ad-Hoc|iPhoneSimulator.ActiveCfg = Release|Any CPU
		{473EB1AD-6717-4334-9DCD-136E3710D701}.Ad-Hoc|iPhoneSimulator.Build.0 = Release|Any CPU
		{473EB1AD-6717-4334-9DCD-136E3710D701}.Ad-Hoc|x64.ActiveCfg = Release|Any CPU
		{473EB1AD-6717-4334-9DCD-136E3710D701}.Ad-Hoc|x64.Build.0 = Release|Any CPU
		{473EB1AD-6717-4334-9DCD-136E3710D701}.Ad-Hoc|x86.ActiveCfg = Release|Any CPU
		{473EB1AD-6717-4334-9DCD-136E3710D701}.Ad-Hoc|x86.Build.0 = Release|Any CPU
		{473EB1AD-6717-4334-9DCD-136E3710D701}.AppStore|Any CPU.ActiveCfg = Release|Any CPU
		{473EB1AD-6717-4334-9DCD-136E3710D701}.AppStore|Any CPU.Build.0 = Release|Any CPU
		{473EB1AD-6717-4334-9DCD-136E3710D701}.AppStore|ARM.ActiveCfg = Release|Any CPU
		{473EB1AD-6717-4334-9DCD-136E3710D701}.AppStore|ARM.Build.0 = Release|Any CPU
		{473EB1AD-6717-4334-9DCD-136E3710D701}.AppStore|iPhone.ActiveCfg = Release|Any CPU
		{473EB1AD-6717-4334-9DCD-136E3710D701}.AppStore|iPhone.Build.0 = Release|Any CPU
		{473EB1AD-6717-4334-9DCD-136E3710D701}.AppStore|iPhoneSimulator.ActiveCfg = Release|Any CPU
		{473EB1AD-6717-4334-9DCD-136E3710D701}.AppStore|iPhoneSimulator.Build.0 = Release|Any CPU
		{473EB1AD-6717-4334-9DCD-136E3710D701}.AppStore|x64.ActiveCfg = Release|Any CPU
		{473EB1AD-6717-4334-9DCD-136E3710D701}.AppStore|x64.Build.0 = Release|Any CPU
		{473EB1AD-6717-4334-9DCD-136E3710D701}.AppStore|x86.ActiveCfg = Release|Any CPU
		{473EB1AD-6717-4334-9DCD-136E3710D701}.AppStore|x86.Build.0 = Release|Any CPU
		{473EB1AD-6717-4334-9DCD-136E3710D701}.Debug|Any CPU.ActiveCfg = Debug|Any CPU
		{473EB1AD-6717-4334-9DCD-136E3710D701}.Debug|Any CPU.Build.0 = Debug|Any CPU
		{473EB1AD-6717-4334-9DCD-136E3710D701}.Debug|ARM.ActiveCfg = Debug|Any CPU
		{473EB1AD-6717-4334-9DCD-136E3710D701}.Debug|ARM.Build.0 = Debug|Any CPU
		{473EB1AD-6717-4334-9DCD-136E3710D701}.Debug|iPhone.ActiveCfg = Debug|Any CPU
		{473EB1AD-6717-4334-9DCD-136E3710D701}.Debug|iPhone.Build.0 = Debug|Any CPU
		{473EB1AD-6717-4334-9DCD-136E3710D701}.Debug|iPhoneSimulator.ActiveCfg = Debug|Any CPU
		{473EB1AD-6717-4334-9DCD-136E3710D701}.Debug|iPhoneSimulator.Build.0 = Debug|Any CPU
		{473EB1AD-6717-4334-9DCD-136E3710D701}.Debug|x64.ActiveCfg = Debug|Any CPU
		{473EB1AD-6717-4334-9DCD-136E3710D701}.Debug|x64.Build.0 = Debug|Any CPU
		{473EB1AD-6717-4334-9DCD-136E3710D701}.Debug|x86.ActiveCfg = Debug|Any CPU
		{473EB1AD-6717-4334-9DCD-136E3710D701}.Debug|x86.Build.0 = Debug|Any CPU
		{473EB1AD-6717-4334-9DCD-136E3710D701}.Release|Any CPU.ActiveCfg = Release|Any CPU
		{473EB1AD-6717-4334-9DCD-136E3710D701}.Release|Any CPU.Build.0 = Release|Any CPU
		{473EB1AD-6717-4334-9DCD-136E3710D701}.Release|ARM.ActiveCfg = Release|Any CPU
		{473EB1AD-6717-4334-9DCD-136E3710D701}.Release|ARM.Build.0 = Release|Any CPU
		{473EB1AD-6717-4334-9DCD-136E3710D701}.Release|iPhone.ActiveCfg = Release|Any CPU
		{473EB1AD-6717-4334-9DCD-136E3710D701}.Release|iPhone.Build.0 = Release|Any CPU
		{473EB1AD-6717-4334-9DCD-136E3710D701}.Release|iPhoneSimulator.ActiveCfg = Release|Any CPU
		{473EB1AD-6717-4334-9DCD-136E3710D701}.Release|iPhoneSimulator.Build.0 = Release|Any CPU
		{473EB1AD-6717-4334-9DCD-136E3710D701}.Release|x64.ActiveCfg = Release|Any CPU
		{473EB1AD-6717-4334-9DCD-136E3710D701}.Release|x64.Build.0 = Release|Any CPU
		{473EB1AD-6717-4334-9DCD-136E3710D701}.Release|x86.ActiveCfg = Release|Any CPU
		{473EB1AD-6717-4334-9DCD-136E3710D701}.Release|x86.Build.0 = Release|Any CPU
	EndGlobalSection
	GlobalSection(SolutionProperties) = preSolution
		HideSolutionNode = FALSE
	EndGlobalSection
	GlobalSection(ExtensibilityGlobals) = postSolution
		SolutionGuid = {92EBB1A1-B1E8-4A8B-885C-E24A1D6C86B7}
	EndGlobalSection
EndGlobal
